PODS:
  - app_links (0.0.2):
    - Flutter
  - app_settings (5.1.1):
    - Flutter
  - audioplayers_darwin (0.0.1):
    - Flutter
  - cloud_firestore (5.5.0):
    - Firebase/Firestore (= 11.4.0)
    - firebase_core
    - Flutter
  - device_info_plus (0.0.1):
    - Flutter
  - Firebase/CoreOnly (11.4.0):
    - FirebaseCore (= 11.4.0)
  - Firebase/Firestore (11.4.0):
    - Firebase/CoreOnly
    - FirebaseFirestore (~> 11.4.0)
  - Firebase/Messaging (11.4.0):
    - Firebase/CoreOnly
    - FirebaseMessaging (~> 11.4.0)
  - firebase_core (3.8.0):
    - Firebase/CoreOnly (= 11.4.0)
    - Flutter
  - firebase_messaging (15.1.5):
    - Firebase/Messaging (= 11.4.0)
    - firebase_core
    - Flutter
  - FirebaseCore (11.4.0):
    - FirebaseCoreInternal (~> 11.0)
    - GoogleUtilities/Environment (~> 8.0)
    - GoogleUtilities/Logger (~> 8.0)
  - FirebaseCoreExtension (11.4.0):
    - FirebaseCore (~> 11.0)
  - FirebaseCoreInternal (11.4.2):
    - "GoogleUtilities/NSData+zlib (~> 8.0)"
  - FirebaseFirestore (11.4.0):
    - FirebaseFirestoreBinary (= 11.4.0)
  - FirebaseFirestoreAbseilBinary (1.2024011602.0)
  - FirebaseFirestoreBinary (11.4.0):
    - FirebaseCore (= 11.4.0)
    - FirebaseCoreExtension (= 11.4.0)
    - FirebaseFirestoreInternalBinary (= 11.4.0)
    - FirebaseSharedSwift (= 11.4.0)
  - FirebaseFirestoreGRPCBoringSSLBinary (1.65.1)
  - FirebaseFirestoreGRPCCoreBinary (1.65.1):
    - FirebaseFirestoreAbseilBinary (= 1.2024011602.0)
    - FirebaseFirestoreGRPCBoringSSLBinary (= 1.65.1)
  - FirebaseFirestoreGRPCCPPBinary (1.65.1):
    - FirebaseFirestoreAbseilBinary (= 1.2024011602.0)
    - FirebaseFirestoreGRPCCoreBinary (= 1.65.1)
  - FirebaseFirestoreInternalBinary (11.4.0):
    - FirebaseCore (= 11.4.0)
    - FirebaseFirestoreAbseilBinary (= 1.2024011602.0)
    - FirebaseFirestoreGRPCCPPBinary (= 1.65.1)
    - leveldb-library (~> 1.22)
    - nanopb (~> 3.30910.0)
  - FirebaseInstallations (11.4.0):
    - FirebaseCore (~> 11.0)
    - GoogleUtilities/Environment (~> 8.0)
    - GoogleUtilities/UserDefaults (~> 8.0)
    - PromisesObjC (~> 2.4)
  - FirebaseMessaging (11.4.0):
    - FirebaseCore (~> 11.0)
    - FirebaseInstallations (~> 11.0)
    - GoogleDataTransport (~> 10.0)
    - GoogleUtilities/AppDelegateSwizzler (~> 8.0)
    - GoogleUtilities/Environment (~> 8.0)
    - GoogleUtilities/Reachability (~> 8.0)
    - GoogleUtilities/UserDefaults (~> 8.0)
    - nanopb (~> 3.30910.0)
  - FirebaseSharedSwift (11.4.0)
  - Flutter (1.0.0)
  - flutter_app_badger (1.3.1):
    - Flutter
  - flutter_blue_plus (0.0.1):
    - Flutter
  - flutter_inappwebview_ios (0.0.1):
    - Flutter
    - flutter_inappwebview_ios/Core (= 0.0.1)
    - OrderedSet (~> 6.0.3)
  - flutter_inappwebview_ios/Core (0.0.1):
    - Flutter
    - OrderedSet (~> 6.0.3)
  - flutter_local_notifications (0.0.1):
    - Flutter
  - flutter_secure_storage (6.0.0):
    - Flutter
  - fluttertoast (0.0.2):
    - Flutter
    - Toast
  - GoogleDataTransport (10.1.0):
    - nanopb (~> 3.30910.0)
    - PromisesObjC (~> 2.4)
  - GoogleUtilities/AppDelegateSwizzler (8.0.2):
    - GoogleUtilities/Environment
    - GoogleUtilities/Logger
    - GoogleUtilities/Network
    - GoogleUtilities/Privacy
  - GoogleUtilities/Environment (8.0.2):
    - GoogleUtilities/Privacy
  - GoogleUtilities/Logger (8.0.2):
    - GoogleUtilities/Environment
    - GoogleUtilities/Privacy
  - GoogleUtilities/Network (8.0.2):
    - GoogleUtilities/Logger
    - "GoogleUtilities/NSData+zlib"
    - GoogleUtilities/Privacy
    - GoogleUtilities/Reachability
  - "GoogleUtilities/NSData+zlib (8.0.2)":
    - GoogleUtilities/Privacy
  - GoogleUtilities/Privacy (8.0.2)
  - GoogleUtilities/Reachability (8.0.2):
    - GoogleUtilities/Logger
    - GoogleUtilities/Privacy
  - GoogleUtilities/UserDefaults (8.0.2):
    - GoogleUtilities/Logger
    - GoogleUtilities/Privacy
  - integration_test (0.0.1):
    - Flutter
  - IOSSecuritySuite (2.1.0)
  - leveldb-library (1.22.6)
  - local_auth_darwin (0.0.1):
    - Flutter
    - FlutterMacOS
  - nanopb (3.30910.0):
    - nanopb/decode (= 3.30910.0)
    - nanopb/encode (= 3.30910.0)
  - nanopb/decode (3.30910.0)
  - nanopb/encode (3.30910.0)
  - OrderedSet (6.0.3)
  - "otp_pin_field (1.2.0+2)":
    - Flutter
  - package_info_plus (0.4.5):
    - Flutter
  - path_provider_foundation (0.0.1):
    - Flutter
    - FlutterMacOS
  - PromisesObjC (2.4.0)
  - rate_my_app (2.2.0):
    - Flutter
    - FlutterMacOS
  - receive_sharing_intent (1.8.1):
    - Flutter
  - root_jailbreak_sniffer (1.0.9):
    - Flutter
    - IOSSecuritySuite
  - sensors_plus (0.0.1):
    - Flutter
  - share_plus (0.0.1):
    - Flutter
  - shared_preferences_foundation (0.0.1):
    - Flutter
    - FlutterMacOS
  - sqflite_darwin (0.0.4):
    - Flutter
    - FlutterMacOS
  - Toast (4.1.1)
  - url_launcher_ios (0.0.1):
    - Flutter
  - video_player_avfoundation (0.0.1):
    - Flutter
    - FlutterMacOS
  - webview_flutter_wkwebview (0.0.1):
    - Flutter
    - FlutterMacOS
  - workmanager (0.0.1):
    - Flutter

DEPENDENCIES:
  - app_links (from `.symlinks/plugins/app_links/ios`)
  - app_settings (from `.symlinks/plugins/app_settings/ios`)
  - audioplayers_darwin (from `.symlinks/plugins/audioplayers_darwin/ios`)
  - cloud_firestore (from `.symlinks/plugins/cloud_firestore/ios`)
  - device_info_plus (from `.symlinks/plugins/device_info_plus/ios`)
  - firebase_core (from `.symlinks/plugins/firebase_core/ios`)
  - firebase_messaging (from `.symlinks/plugins/firebase_messaging/ios`)
  - FirebaseFirestore (from `https://github.com/invertase/firestore-ios-sdk-frameworks.git`, tag `11.4.0`)
  - Flutter (from `Flutter`)
  - flutter_app_badger (from `.symlinks/plugins/flutter_app_badger/ios`)
  - flutter_blue_plus (from `.symlinks/plugins/flutter_blue_plus/ios`)
  - flutter_inappwebview_ios (from `.symlinks/plugins/flutter_inappwebview_ios/ios`)
  - flutter_local_notifications (from `.symlinks/plugins/flutter_local_notifications/ios`)
  - flutter_secure_storage (from `.symlinks/plugins/flutter_secure_storage/ios`)
  - fluttertoast (from `.symlinks/plugins/fluttertoast/ios`)
  - integration_test (from `.symlinks/plugins/integration_test/ios`)
  - local_auth_darwin (from `.symlinks/plugins/local_auth_darwin/darwin`)
  - otp_pin_field (from `.symlinks/plugins/otp_pin_field/ios`)
  - package_info_plus (from `.symlinks/plugins/package_info_plus/ios`)
  - path_provider_foundation (from `.symlinks/plugins/path_provider_foundation/darwin`)
  - rate_my_app (from `.symlinks/plugins/rate_my_app/darwin`)
  - receive_sharing_intent (from `.symlinks/plugins/receive_sharing_intent/ios`)
  - root_jailbreak_sniffer (from `.symlinks/plugins/root_jailbreak_sniffer/ios`)
  - sensors_plus (from `.symlinks/plugins/sensors_plus/ios`)
  - share_plus (from `.symlinks/plugins/share_plus/ios`)
  - shared_preferences_foundation (from `.symlinks/plugins/shared_preferences_foundation/darwin`)
  - sqflite_darwin (from `.symlinks/plugins/sqflite_darwin/darwin`)
  - url_launcher_ios (from `.symlinks/plugins/url_launcher_ios/ios`)
  - video_player_avfoundation (from `.symlinks/plugins/video_player_avfoundation/darwin`)
  - webview_flutter_wkwebview (from `.symlinks/plugins/webview_flutter_wkwebview/darwin`)
  - workmanager (from `.symlinks/plugins/workmanager/ios`)

SPEC REPOS:
  trunk:
    - Firebase
    - FirebaseCore
    - FirebaseCoreExtension
    - FirebaseCoreInternal
    - FirebaseFirestoreAbseilBinary
    - FirebaseFirestoreBinary
    - FirebaseFirestoreGRPCBoringSSLBinary
    - FirebaseFirestoreGRPCCoreBinary
    - FirebaseFirestoreGRPCCPPBinary
    - FirebaseFirestoreInternalBinary
    - FirebaseInstallations
    - FirebaseMessaging
    - FirebaseSharedSwift
    - GoogleDataTransport
    - GoogleUtilities
    - IOSSecuritySuite
    - leveldb-library
    - nanopb
    - OrderedSet
    - PromisesObjC
    - Toast

EXTERNAL SOURCES:
  app_links:
    :path: ".symlinks/plugins/app_links/ios"
  app_settings:
    :path: ".symlinks/plugins/app_settings/ios"
  audioplayers_darwin:
    :path: ".symlinks/plugins/audioplayers_darwin/ios"
  cloud_firestore:
    :path: ".symlinks/plugins/cloud_firestore/ios"
  device_info_plus:
    :path: ".symlinks/plugins/device_info_plus/ios"
  firebase_core:
    :path: ".symlinks/plugins/firebase_core/ios"
  firebase_messaging:
    :path: ".symlinks/plugins/firebase_messaging/ios"
  FirebaseFirestore:
    :git: https://github.com/invertase/firestore-ios-sdk-frameworks.git
    :tag: 11.4.0
  Flutter:
    :path: Flutter
  flutter_app_badger:
    :path: ".symlinks/plugins/flutter_app_badger/ios"
  flutter_blue_plus:
    :path: ".symlinks/plugins/flutter_blue_plus/ios"
  flutter_inappwebview_ios:
    :path: ".symlinks/plugins/flutter_inappwebview_ios/ios"
  flutter_local_notifications:
    :path: ".symlinks/plugins/flutter_local_notifications/ios"
  flutter_secure_storage:
    :path: ".symlinks/plugins/flutter_secure_storage/ios"
  fluttertoast:
    :path: ".symlinks/plugins/fluttertoast/ios"
  integration_test:
    :path: ".symlinks/plugins/integration_test/ios"
  local_auth_darwin:
    :path: ".symlinks/plugins/local_auth_darwin/darwin"
  otp_pin_field:
    :path: ".symlinks/plugins/otp_pin_field/ios"
  package_info_plus:
    :path: ".symlinks/plugins/package_info_plus/ios"
  path_provider_foundation:
    :path: ".symlinks/plugins/path_provider_foundation/darwin"
  rate_my_app:
    :path: ".symlinks/plugins/rate_my_app/darwin"
  receive_sharing_intent:
    :path: ".symlinks/plugins/receive_sharing_intent/ios"
  root_jailbreak_sniffer:
    :path: ".symlinks/plugins/root_jailbreak_sniffer/ios"
  sensors_plus:
    :path: ".symlinks/plugins/sensors_plus/ios"
  share_plus:
    :path: ".symlinks/plugins/share_plus/ios"
  shared_preferences_foundation:
    :path: ".symlinks/plugins/shared_preferences_foundation/darwin"
  sqflite_darwin:
    :path: ".symlinks/plugins/sqflite_darwin/darwin"
  url_launcher_ios:
    :path: ".symlinks/plugins/url_launcher_ios/ios"
  video_player_avfoundation:
    :path: ".symlinks/plugins/video_player_avfoundation/darwin"
  webview_flutter_wkwebview:
    :path: ".symlinks/plugins/webview_flutter_wkwebview/darwin"
  workmanager:
    :path: ".symlinks/plugins/workmanager/ios"

CHECKOUT OPTIONS:
  FirebaseFirestore:
    :git: https://github.com/invertase/firestore-ios-sdk-frameworks.git
    :tag: 11.4.0

SPEC CHECKSUMS:
  app_links: e7a6750a915a9e161c58d91bc610e8cd1d4d0ad0
  app_settings: 017320c6a680cdc94c799949d95b84cb69389ebc
  audioplayers_darwin: 877d9a4d06331c5c374595e46e16453ac7eafa40
  cloud_firestore: 8794ea2885e367f0a2096338964ddfd49739b2c7
  device_info_plus: 97af1d7e84681a90d0693e63169a5d50e0839a0d
  Firebase: cf1b19f21410b029b6786a54e9764a0cacad3c99
  firebase_core: 9efc3ecf689cdbc90f13f4dc58108c83ea46b266
  firebase_messaging: 6bf60adb4b33a848d135e16bc363fb4924f98fba
  FirebaseCore: e0510f1523bc0eb21653cac00792e1e2bd6f1771
  FirebaseCoreExtension: 4445e4cd877e0790c4af33bedca61eaef27b7513
  FirebaseCoreInternal: 35731192cab10797b88411be84940d2beb33a238
  FirebaseFirestore: 97f18b411aaca686a9e94ba742341228643b1a46
  FirebaseFirestoreAbseilBinary: fa2ebd2ed02cadef5382e4f7c93f1b265c812c85
  FirebaseFirestoreBinary: d0380b879b58d663b22467017d0e348d5b17b36b
  FirebaseFirestoreGRPCBoringSSLBinary: d86ebbe2adc8d15d7ebf305fff7d6358385327f8
  FirebaseFirestoreGRPCCoreBinary: 472bd808e1886a5efb2fd03dd09b98d34641a335
  FirebaseFirestoreGRPCCPPBinary: db76d83d2b7517623f8426ed7f7a17bad2478084
  FirebaseFirestoreInternalBinary: 01c33a6d789b95dce32dbdfcaf30d60ddf8902d8
  FirebaseInstallations: 6ef4a1c7eb2a61ee1f74727d7f6ce2e72acf1414
  FirebaseMessaging: f8a160d99c2c2e5babbbcc90c4a3e15db036aee2
  FirebaseSharedSwift: 505dae2d05969dbf6d43749a642bb1bf230f0252
  Flutter: e0871f40cf51350855a761d2e70bf5af5b9b5de7
  flutter_app_badger: 9836dddb01afe9e02b9716447951da727cfc1a51
  flutter_blue_plus: 4837da7d00cf5d441fdd6635b3a57f936778ea96
  flutter_inappwebview_ios: 6f63631e2c62a7c350263b13fa5427aedefe81d4
  flutter_local_notifications: 4cde75091f6327eb8517fa068a0a5950212d2086
  flutter_secure_storage: d33dac7ae2ea08509be337e775f6b59f1ff45f12
  fluttertoast: e9a18c7be5413da53898f660530c56f35edfba9c
  GoogleDataTransport: aae35b7ea0c09004c3797d53c8c41f66f219d6a7
  GoogleUtilities: 26a3abef001b6533cf678d3eb38fd3f614b7872d
  integration_test: 252f60fa39af5e17c3aa9899d35d908a0721b573
  IOSSecuritySuite: 45e8531b05ffa72b5661cbdb5b5b5648a8de1a84
  leveldb-library: cc8b8f8e013647a295ad3f8cd2ddf49a6f19be19
  local_auth_darwin: 66e40372f1c29f383a314c738c7446e2f7fdadc3
  nanopb: fad817b59e0457d11a5dfbde799381cd727c1275
  OrderedSet: e539b66b644ff081c73a262d24ad552a69be3a94
  otp_pin_field: 0f0935fafc56252e6a48a5a045ac689b6bad3857
  package_info_plus: c0502532a26c7662a62a356cebe2692ec5fe4ec4
  path_provider_foundation: 2b6b4c569c0fb62ec74538f866245ac84301af46
  PromisesObjC: f5707f49cb48b9636751c5b2e7d227e43fba9f47
  rate_my_app: cd3e1c44d12f387482698ffaf6ea9bd669a69b94
  receive_sharing_intent: 79c848f5b045674ad60b9fea3bafea59962ad2c1
  root_jailbreak_sniffer: 216b7961ccb1e3096b8689f0c93616fff2912470
  sensors_plus: 4ee32bc7d61a055f27f88d3215ad6b6fb96a2b8e
  share_plus: 8b6f8b3447e494cca5317c8c3073de39b3600d1f
  shared_preferences_foundation: fcdcbc04712aee1108ac7fda236f363274528f78
  sqflite_darwin: 5a7236e3b501866c1c9befc6771dfd73ffb8702d
  Toast: 1f5ea13423a1e6674c4abdac5be53587ae481c4e
  url_launcher_ios: 5334b05cef931de560670eeae103fd3e431ac3fe
  video_player_avfoundation: 7c6c11d8470e1675df7397027218274b6d2360b3
  webview_flutter_wkwebview: 0982481e3d9c78fd5c6f62a002fcd24fc791f1e4
  workmanager: 0afdcf5628bbde6924c21af7836fed07b42e30e6

PODFILE CHECKSUM: 539763f6e59844fb420eee2d94267ee44217d034

COCOAPODS: 1.15.2
